<?xml version="1.0" encoding="utf-8"?>
<Project ToolsVersion="4.0" xmlns="http://schemas.microsoft.com/developer/msbuild/2003">
  <ItemGroup>
    <ClCompile Include="..\..\..\src\jcs_util.c">
      <Filter>src</Filter>
    </ClCompile>
    <ClCompile Include="..\..\..\src\jcs_file.c">
      <Filter>src</Filter>
    </ClCompile>
    <ClCompile Include="..\..\..\src\jcs_net.c">
      <Filter>src</Filter>
    </ClCompile>
    <ClCompile Include="..\..\..\src\jcs_print.c">
      <Filter>src</Filter>
    </ClCompile>
    <ClCompile Include="..\..\..\src\jcs_string.c">
      <Filter>src</Filter>
    </ClCompile>
    <ClCompile Include="..\..\..\src\jcs_debug.c">
      <Filter>src</Filter>
    </ClCompile>
  </ItemGroup>
  <ItemGroup>
    <Filter Include="src">
      <UniqueIdentifier>{f85f7fdb-6bda-4331-a153-d8ad99085f3d}</UniqueIdentifier>
    </Filter>
    <Filter Include="include">
      <UniqueIdentifier>{cdedc31f-ad11-40de-9e5d-cc50e6c8b53b}</UniqueIdentifier>
    </Filter>
  </ItemGroup>
  <ItemGroup>
    <ClInclude Include="..\..\..\include\jcs_color.h">
      <Filter>include</Filter>
    </ClInclude>
    <ClInclude Include="..\..\..\include\jcs_debug.h">
      <Filter>include</Filter>
    </ClInclude>
    <ClInclude Include="..\..\..\include\jcs_defines.h">
      <Filter>include</Filter>
    </ClInclude>
    <ClInclude Include="..\..\..\include\jcs_file.h">
      <Filter>include</Filter>
    </ClInclude>
    <ClInclude Include="..\..\..\include\jcs_net.h">
      <Filter>include</Filter>
    </ClInclude>
    <ClInclude Include="..\..\..\include\jcs_print.h">
      <Filter>include</Filter>
    </ClInclude>
    <ClInclude Include="..\..\..\include\jcs_string.h">
      <Filter>include</Filter>
    </ClInclude>
    <ClInclude Include="..\..\..\include\jcs_util.h">
      <Filter>include</Filter>
    </ClInclude>
    <ClInclude Include="..\..\..\libc_jcs.h" />
  </ItemGroup>
</Project>